{
  "version": 4,
  "terraform_version": "1.3.7",
  "serial": 10,
  "lineage": "ec236339-c85a-5478-b1a2-7361036bdd76",
  "outputs": {
    "jenkins_ip": {
      "value": "146.190.76.26",
      "type": "string"
    }
  },
  "resources": [
    {
      "mode": "data",
      "type": "digitalocean_ssh_key",
      "name": "jornada",
      "provider": "provider[\"registry.terraform.io/digitalocean/digitalocean\"]",
      "instances": [
        {
          "schema_version": 0,
          "attributes": {
            "fingerprint": "82:8b:61:f6:e7:13:60:c9:15:ef:c6:4d:82:44:6f:8e",
            "id": 37375596,
            "name": "jornada",
            "public_key": "ssh-rsa AAAAB3NzaC1yc2EAAAADAQABAAABAQDE+rqPXO2bKk/M7Tyo//XRqHWxkRH+W4ZPY1hEo+9gz345Fi/nbiaANBaBvglmQTtaHaSiUXvKcpOXr9iF7vbj8ASTpXPMC4atj7SGCVTx9+ZVm+QkfJi9yKssebKpP3aEbLpWxv3sC10KDUD9EIp2RHxUDgKYM97HoIh2t7BVdd8nXvXl/EZZ6n4v8k+kbdT1ruOZivYjXT4J47173Jn9ATBH1VkchEvC+kQ8DYouItGvHegIdSgFZX3BULIl/HFtRe9CJy19TP5e5Hy2VDCZl7QPoQdMopJzV6LCfRT05ny/XysJDNP7iAKEbE9Um2QvVBPmLiUcN6KV9c8Jjk5Z leofa@Leonardo"
          },
          "sensitive_attributes": []
        }
      ]
    },
    {
      "mode": "managed",
      "type": "digitalocean_droplet",
      "name": "jenkins",
      "provider": "provider[\"registry.terraform.io/digitalocean/digitalocean\"]",
      "instances": [
        {
          "schema_version": 1,
          "attributes": {
            "backups": false,
            "created_at": "2023-01-28T03:02:34Z",
            "disk": 60,
            "droplet_agent": null,
            "graceful_shutdown": false,
            "id": "337920345",
            "image": "ubuntu-20-04-x64",
            "ipv4_address": "146.190.76.26",
            "ipv4_address_private": "10.116.0.2",
            "ipv6": false,
            "ipv6_address": "",
            "locked": false,
            "memory": 2048,
            "monitoring": false,
            "name": "jenkins",
            "price_hourly": 0.02679,
            "price_monthly": 18,
            "private_networking": true,
            "region": "nyc1",
            "resize_disk": true,
            "size": "s-2vcpu-2gb",
            "ssh_keys": [
              "37375596"
            ],
            "status": "active",
            "tags": [],
            "timeouts": null,
            "urn": "do:droplet:337920345",
            "user_data": null,
            "vcpus": 2,
            "volume_ids": [],
            "vpc_uuid": "f6f5004f-5847-42b2-9b84-c4db31b6cbc3"
          },
          "sensitive_attributes": [],
          "private": "eyJlMmJmYjczMC1lY2FhLTExZTYtOGY4OC0zNDM2M2JjN2M0YzAiOnsiY3JlYXRlIjozNjAwMDAwMDAwMDAwLCJkZWxldGUiOjYwMDAwMDAwMDAwLCJ1cGRhdGUiOjM2MDAwMDAwMDAwMDB9LCJzY2hlbWFfdmVyc2lvbiI6IjEifQ==",
          "dependencies": [
            "data.digitalocean_ssh_key.jornada"
          ]
        }
      ]
    },
    {
      "mode": "managed",
      "type": "digitalocean_kubernetes_cluster",
      "name": "k8s",
      "provider": "provider[\"registry.terraform.io/digitalocean/digitalocean\"]",
      "instances": [
        {
          "schema_version": 3,
          "attributes": {
            "auto_upgrade": false,
            "cluster_subnet": "10.244.0.0/16",
            "created_at": "2023-01-28 03:07:05 +0000 UTC",
            "endpoint": "https://4a98dc18-ddac-48c6-8d72-a50dd6927e7b.k8s.ondigitalocean.com",
            "ha": false,
            "id": "4a98dc18-ddac-48c6-8d72-a50dd6927e7b",
            "ipv4_address": "",
            "kube_config": [
              {
                "client_certificate": "",
                "client_key": "",
                "cluster_ca_certificate": "LS0tLS1CRUdJTiBDRVJUSUZJQ0FURS0tLS0tCk1JSURKekNDQWcrZ0F3SUJBZ0lDQm5Vd0RRWUpLb1pJaHZjTkFRRUxCUUF3TXpFVk1CTUdBMVVFQ2hNTVJHbG4KYVhSaGJFOWpaV0Z1TVJvd0dBWURWUVFERXhGck9ITmhZWE1nUTJ4MWMzUmxjaUJEUVRBZUZ3MHlNekF4TWpndwpNekEzTVROYUZ3MDBNekF4TWpnd016QTNNVE5hTURNeEZUQVRCZ05WQkFvVERFUnBaMmwwWVd4UFkyVmhiakVhCk1CZ0dBMVVFQXhNUmF6aHpZV0Z6SUVOc2RYTjBaWElnUTBFd2dnRWlNQTBHQ1NxR1NJYjNEUUVCQVFVQUE0SUIKRHdBd2dnRUtBb0lCQVFEZTFkdFpKbHBnKzB1S2oxY0ZCaXpycERlR0FXTUJnWHNJVU1ranlCd0JxQWFZVE54WQpRSUhyQ0tKSW1nT1VmN0FOak96a1JuSFowSEo2c25aY1IxWVRQQ201WXJwY1FaL09ZL0hZSjBVWWNuamN3ck5qCmdtTWZLM3k4YituaXIwTjVkdDRGSjdzOVFIcXhld28zeFQrU00wWWxrK3lrVUVzcFdlZWh6T0RUdUovbUMrT0gKZ0g5TEdFcEpWdkx2cnVXSllYUG1XWC93MS91Ym94MnFjc0dJNVEvdkZjbHFGcUVDV3FKUWVUeFNxYzRYUVFMSwpDNDlTNm42MkJZWFRuTk8wZVoyZG5RWFV5dGd4Z1k1MlFkSzZGMWpFN2hQVzV6dTQrNFpGS3cwUGRERzdXT2xzClRpVjE4cVMyQzhuZUY3TmRaT1dZL1NXRFBWWFhOaDV6c0hVOUFnTUJBQUdqUlRCRE1BNEdBMVVkRHdFQi93UUUKQXdJQmhqQVNCZ05WSFJNQkFmOEVDREFHQVFIL0FnRUFNQjBHQTFVZERnUVdCQlJSYllKNkhwL09pQ2NyZTAvVwowWXkxYm96ZVF6QU5CZ2txaGtpRzl3MEJBUXNGQUFPQ0FRRUFJdTZpM3BabVNyRFdrZlBDM0IwQzNGa3dtNmZzClU0RVovMituaUJCblFtQ2J5aEpnRmFDQzVvRTJ5QTV5OStTR1V0Z0VSb1JQTUoybVAwSXNwME8rTE4yUHRoYmgKR2JwdkVDTGxwTnVvUlhGRWN4Nm9sNHJvTXhCRUlHTEpzeG1sL1BDUnUyZVFESk9ZbDBSZzBSNjdMeWlCeEF6cgpqVmU1N0p1SHUyR3BmdGU3UzcxTWxQb0Rua2NaMTgzMm0xV1c2T2RuVVJTa0Z1VGRzVGFraWtNeTNkZHM1NllsCk56Z2IrejkxSGhXZVJGWFlrQUd0K2ltcDYwT0puYnBhTUtXcWhwVXlka1JieHZpMVo5MXBEeDJMUG1IdjlVOGkKZnA2SW9GSldtSnRMVHdCNGtGQ1VqN3FXN0V0eWhKQXhiaHFsOEtvZ3VBL0IyaFN6bk9CemR5T3lXUT09Ci0tLS0tRU5EIENFUlRJRklDQVRFLS0tLS0K",
                "expires_at": "2023-02-04T03:11:57Z",
                "host": "https://4a98dc18-ddac-48c6-8d72-a50dd6927e7b.k8s.ondigitalocean.com",
                "raw_config": "apiVersion: v1\nkind: Config\nclusters:\n- cluster:\n    certificate-authority-data: LS0tLS1CRUdJTiBDRVJUSUZJQ0FURS0tLS0tCk1JSURKekNDQWcrZ0F3SUJBZ0lDQm5Vd0RRWUpLb1pJaHZjTkFRRUxCUUF3TXpFVk1CTUdBMVVFQ2hNTVJHbG4KYVhSaGJFOWpaV0Z1TVJvd0dBWURWUVFERXhGck9ITmhZWE1nUTJ4MWMzUmxjaUJEUVRBZUZ3MHlNekF4TWpndwpNekEzTVROYUZ3MDBNekF4TWpnd016QTNNVE5hTURNeEZUQVRCZ05WQkFvVERFUnBaMmwwWVd4UFkyVmhiakVhCk1CZ0dBMVVFQXhNUmF6aHpZV0Z6SUVOc2RYTjBaWElnUTBFd2dnRWlNQTBHQ1NxR1NJYjNEUUVCQVFVQUE0SUIKRHdBd2dnRUtBb0lCQVFEZTFkdFpKbHBnKzB1S2oxY0ZCaXpycERlR0FXTUJnWHNJVU1ranlCd0JxQWFZVE54WQpRSUhyQ0tKSW1nT1VmN0FOak96a1JuSFowSEo2c25aY1IxWVRQQ201WXJwY1FaL09ZL0hZSjBVWWNuamN3ck5qCmdtTWZLM3k4YituaXIwTjVkdDRGSjdzOVFIcXhld28zeFQrU00wWWxrK3lrVUVzcFdlZWh6T0RUdUovbUMrT0gKZ0g5TEdFcEpWdkx2cnVXSllYUG1XWC93MS91Ym94MnFjc0dJNVEvdkZjbHFGcUVDV3FKUWVUeFNxYzRYUVFMSwpDNDlTNm42MkJZWFRuTk8wZVoyZG5RWFV5dGd4Z1k1MlFkSzZGMWpFN2hQVzV6dTQrNFpGS3cwUGRERzdXT2xzClRpVjE4cVMyQzhuZUY3TmRaT1dZL1NXRFBWWFhOaDV6c0hVOUFnTUJBQUdqUlRCRE1BNEdBMVVkRHdFQi93UUUKQXdJQmhqQVNCZ05WSFJNQkFmOEVDREFHQVFIL0FnRUFNQjBHQTFVZERnUVdCQlJSYllKNkhwL09pQ2NyZTAvVwowWXkxYm96ZVF6QU5CZ2txaGtpRzl3MEJBUXNGQUFPQ0FRRUFJdTZpM3BabVNyRFdrZlBDM0IwQzNGa3dtNmZzClU0RVovMituaUJCblFtQ2J5aEpnRmFDQzVvRTJ5QTV5OStTR1V0Z0VSb1JQTUoybVAwSXNwME8rTE4yUHRoYmgKR2JwdkVDTGxwTnVvUlhGRWN4Nm9sNHJvTXhCRUlHTEpzeG1sL1BDUnUyZVFESk9ZbDBSZzBSNjdMeWlCeEF6cgpqVmU1N0p1SHUyR3BmdGU3UzcxTWxQb0Rua2NaMTgzMm0xV1c2T2RuVVJTa0Z1VGRzVGFraWtNeTNkZHM1NllsCk56Z2IrejkxSGhXZVJGWFlrQUd0K2ltcDYwT0puYnBhTUtXcWhwVXlka1JieHZpMVo5MXBEeDJMUG1IdjlVOGkKZnA2SW9GSldtSnRMVHdCNGtGQ1VqN3FXN0V0eWhKQXhiaHFsOEtvZ3VBL0IyaFN6bk9CemR5T3lXUT09Ci0tLS0tRU5EIENFUlRJRklDQVRFLS0tLS0K\n    server: https://4a98dc18-ddac-48c6-8d72-a50dd6927e7b.k8s.ondigitalocean.com\n  name: do-nyc1-k8s\ncontexts:\n- context:\n    cluster: do-nyc1-k8s\n    user: do-nyc1-k8s-admin\n  name: do-nyc1-k8s\ncurrent-context: do-nyc1-k8s\nusers:\n- name: do-nyc1-k8s-admin\n  user:\n    token: dop_v1_64daee98e6c36d39f7fe974a191c964d0962743be672b4b1bd0080fa3118c005\n",
                "token": "dop_v1_64daee98e6c36d39f7fe974a191c964d0962743be672b4b1bd0080fa3118c005"
              }
            ],
            "maintenance_policy": [
              {
                "day": "any",
                "duration": "4h0m0s",
                "start_time": "23:00"
              }
            ],
            "name": "k8s",
            "node_pool": [
              {
                "actual_node_count": 2,
                "auto_scale": false,
                "id": "05405e82-e284-4897-aad1-940cef70f210",
                "labels": {},
                "max_nodes": 0,
                "min_nodes": 0,
                "name": "default",
                "node_count": 2,
                "nodes": [
                  {
                    "created_at": "2023-01-28 03:07:05 +0000 UTC",
                    "droplet_id": "337921331",
                    "id": "2782fe67-a520-44d7-a127-771f9b29072a",
                    "name": "default-qnflx",
                    "status": "running",
                    "updated_at": "2023-01-28 03:08:34 +0000 UTC"
                  },
                  {
                    "created_at": "2023-01-28 03:07:05 +0000 UTC",
                    "droplet_id": "337921330",
                    "id": "ec747d2d-a999-483b-a4b4-90a2cc4ab19f",
                    "name": "default-qnflo",
                    "status": "running",
                    "updated_at": "2023-01-28 03:08:34 +0000 UTC"
                  }
                ],
                "size": "s-2vcpu-2gb",
                "tags": [],
                "taint": []
              }
            ],
            "region": "nyc1",
            "service_subnet": "10.245.0.0/16",
            "status": "running",
            "surge_upgrade": true,
            "tags": [],
            "timeouts": null,
            "updated_at": "2023-01-28 03:11:55 +0000 UTC",
            "urn": "do:kubernetes:4a98dc18-ddac-48c6-8d72-a50dd6927e7b",
            "version": "1.25.4-do.0",
            "vpc_uuid": "f6f5004f-5847-42b2-9b84-c4db31b6cbc3"
          },
          "sensitive_attributes": [],
          "private": "eyJlMmJmYjczMC1lY2FhLTExZTYtOGY4OC0zNDM2M2JjN2M0YzAiOnsiY3JlYXRlIjoxODAwMDAwMDAwMDAwfSwic2NoZW1hX3ZlcnNpb24iOiIzIn0="
        }
      ]
    }
  ],
  "check_results": null
}
